---
lockfileVersion: '9.0'

importers:

  .:
    configDependencies: {}
    packageManagerDependencies:
      '@pnpm/exe':
        specifier: ^11.1.1
        version: 11.1.2
      pnpm:
        specifier: ^11.1.1
        version: 11.1.2

packages:

  '@pnpm/exe@11.1.2':
    resolution: {integrity: sha512-di6YvqPO/2jvih6kCJ8r0ySzQNjQWrBXPEfqEHtrmwOamuNALnfASwhFBwEtMjWmaA8QG7TqAg2qEvAe+8cBkQ==}
    hasBin: true

  '@pnpm/linux-arm64@11.1.2':
    resolution: {integrity: sha512-VdyZw4LsGm2v+645a7sZsb3MyjrRizTsV7wtpzIySJGYgc7nnQeTzw5QSI5xaoRf/ge0PTKDG8BeRqJOs+KpAg==}
    cpu: [arm64]
    os: [linux]

  '@pnpm/linux-x64@11.1.2':
    resolution: {integrity: sha512-WTyDmmeQFLDlPJXDFNqJXrEmEjE78dJDXo3VSz7O/xXpC2nPwY38nVxthPGd+6t9SKmGDx/s4RLOjjKo82Hbig==}
    cpu: [x64]
    os: [linux]

  '@pnpm/linuxstatic-arm64@11.1.2':
    resolution: {integrity: sha512-eIpUghshpgEAtSBv/uSRM+7jBaUVcEpP4sInlOuRYDK+Wg091lQ5Gv5uOxgiHAqs3LWku3lRF81EReKyHehYUQ==}
    cpu: [arm64]
    os: [linux]
    libc: [musl]

  '@pnpm/linuxstatic-x64@11.1.2':
    resolution: {integrity: sha512-sYJxMj7zrR8ZSGqvqai3fWJ95VAZtuDYUAluDXQ/VZ3/7+FqikbXqokitTt0yCGSOzbO8u7zseW8EsOqxf93Qw==}
    cpu: [x64]
    os: [linux]
    libc: [musl]

  '@pnpm/macos-arm64@11.1.2':
    resolution: {integrity: sha512-eqwJeQbqgKRhLCgcVtb0Eaz3Ay6AspOkioqhT00jN6dFwoUYi7Xo78rnZ2uSwVSp+Sij4Yyuvmu++ZPIeP9VrA==}
    cpu: [arm64]
    os: [darwin]

  '@pnpm/win-arm64@11.1.2':
    resolution: {integrity: sha512-MZzvuuODP/AI781f+x/lB9UuN2SHIGVn6W08SEWKdPIMxWqBGKXLd9QOuh6uRJ7UWC9AufFzhbVs0fSQxxEcng==}
    cpu: [arm64]
    os: [win32]

  '@pnpm/win-x64@11.1.2':
    resolution: {integrity: sha512-1B2ijW1Z68ehS4QkLVbD+oENz7ribCNpL5Hh5UMDdVm04KYmi2vDp2BW7SrC8AS6G4/5YUs5yFLJPY57CLJJ8A==}
    cpu: [x64]
    os: [win32]

  '@reflink/reflink-darwin-arm64@0.1.19':
    resolution: {integrity: sha512-ruy44Lpepdk1FqDz38vExBY/PVUsjxZA+chd9wozjUH9JjuDT/HEaQYA6wYN9mf041l0yLVar6BCZuWABJvHSA==}
    engines: {node: '>= 10'}
    cpu: [arm64]
    os: [darwin]

  '@reflink/reflink-darwin-x64@0.1.19':
    resolution: {integrity: sha512-By85MSWrMZa+c26TcnAy8SDk0sTUkYlNnwknSchkhHpGXOtjNDUOxJE9oByBnGbeuIE1PiQsxDG3Ud+IVV9yuA==}
    engines: {node: '>= 10'}
    cpu: [x64]
    os: [darwin]

  '@reflink/reflink-linux-arm64-gnu@0.1.19':
    resolution: {integrity: sha512-7P+er8+rP9iNeN+bfmccM4hTAaLP6PQJPKWSA4iSk2bNvo6KU6RyPgYeHxXmzNKzPVRcypZQTpFgstHam6maVg==}
    engines: {node: '>= 10'}
    cpu: [arm64]
    os: [linux]
    libc: [glibc]

  '@reflink/reflink-linux-arm64-musl@0.1.19':
    resolution: {integrity: sha512-37iO/Dp6m5DDaC2sf3zPtx/hl9FV3Xze4xoYidrxxS9bgP3S8ALroxRK6xBG/1TtfXKTvolvp+IjrUU6ujIGmA==}
    engines: {node: '>= 10'}
    cpu: [arm64]
    os: [linux]
    libc: [musl]

  '@reflink/reflink-linux-x64-gnu@0.1.19':
    resolution: {integrity: sha512-jbI8jvuYCaA3MVUdu8vLoLAFqC+iNMpiSuLbxlAgg7x3K5bsS8nOpTRnkLF7vISJ+rVR8W+7ThXlXlUQ93ulkw==}
    engines: {node: '>= 10'}
    cpu: [x64]
    os: [linux]
    libc: [glibc]

  '@reflink/reflink-linux-x64-musl@0.1.19':
    resolution: {integrity: sha512-e9FBWDe+lv7QKAwtKOt6A2W/fyy/aEEfr0g6j/hWzvQcrzHCsz07BNQYlNOjTfeytrtLU7k449H1PI95jA4OjQ==}
    engines: {node: '>= 10'}
    cpu: [x64]
    os: [linux]
    libc: [musl]

  '@reflink/reflink-win32-arm64-msvc@0.1.19':
    resolution: {integrity: sha512-09PxnVIQcd+UOn4WAW73WU6PXL7DwGS6wPlkMhMg2zlHHG65F3vHepOw06HFCq+N42qkaNAc8AKIabWvtk6cIQ==}
    engines: {node: '>= 10'}
    cpu: [arm64]
    os: [win32]

  '@reflink/reflink-win32-x64-msvc@0.1.19':
    resolution: {integrity: sha512-E//yT4ni2SyhwP8JRjVGWr3cbnhWDiPLgnQ66qqaanjjnMiu3O/2tjCPQXlcGc/DEYofpDc9fvhv6tALQsMV9w==}
    engines: {node: '>= 10'}
    cpu: [x64]
    os: [win32]

  '@reflink/reflink@0.1.19':
    resolution: {integrity: sha512-DmCG8GzysnCZ15bres3N5AHCmwBwYgp0As6xjhQ47rAUTUXxJiK+lLUxaGsX3hd/30qUpVElh05PbGuxRPgJwA==}
    engines: {node: '>= 10'}

  detect-libc@2.1.2:
    resolution: {integrity: sha512-Btj2BOOO83o3WyH59e8MgXsxEQVcarkUOpEYrubB0urwnN10yQ364rsiByU11nZlqWYZm05i/of7io4mzihBtQ==}
    engines: {node: '>=8'}

  pnpm@11.1.2:
    resolution: {integrity: sha512-QVocwll0cx51RVwUaDcb50xapft2IbUNQFbSIkUWCfEUEvI/1gLmFp8eBgRmZB95hZfhvpYaEGiINqZ7FlaUmQ==}
    engines: {node: '>=22.13'}
    hasBin: true

snapshots:

  '@pnpm/exe@11.1.2':
    dependencies:
      '@reflink/reflink': 0.1.19
      detect-libc: 2.1.2
    optionalDependencies:
      '@pnpm/linux-arm64': 11.1.2
      '@pnpm/linux-x64': 11.1.2
      '@pnpm/linuxstatic-arm64': 11.1.2
      '@pnpm/linuxstatic-x64': 11.1.2
      '@pnpm/macos-arm64': 11.1.2
      '@pnpm/win-arm64': 11.1.2
      '@pnpm/win-x64': 11.1.2

  '@pnpm/linux-arm64@11.1.2':
    optional: true

  '@pnpm/linux-x64@11.1.2':
    optional: true

  '@pnpm/linuxstatic-arm64@11.1.2':
    optional: true

  '@pnpm/linuxstatic-x64@11.1.2':
    optional: true

  '@pnpm/macos-arm64@11.1.2':
    optional: true

  '@pnpm/win-arm64@11.1.2':
    optional: true

  '@pnpm/win-x64@11.1.2':
    optional: true

  '@reflink/reflink-darwin-arm64@0.1.19':
    optional: true

  '@reflink/reflink-darwin-x64@0.1.19':
    optional: true

  '@reflink/reflink-linux-arm64-gnu@0.1.19':
    optional: true

  '@reflink/reflink-linux-arm64-musl@0.1.19':
    optional: true

  '@reflink/reflink-linux-x64-gnu@0.1.19':
    optional: true

  '@reflink/reflink-linux-x64-musl@0.1.19':
    optional: true

  '@reflink/reflink-win32-arm64-msvc@0.1.19':
    optional: true

  '@reflink/reflink-win32-x64-msvc@0.1.19':
    optional: true

  '@reflink/reflink@0.1.19':
    optionalDependencies:
      '@reflink/reflink-darwin-arm64': 0.1.19
      '@reflink/reflink-darwin-x64': 0.1.19
      '@reflink/reflink-linux-arm64-gnu': 0.1.19
      '@reflink/reflink-linux-arm64-musl': 0.1.19
      '@reflink/reflink-linux-x64-gnu': 0.1.19
      '@reflink/reflink-linux-x64-musl': 0.1.19
      '@reflink/reflink-win32-arm64-msvc': 0.1.19
      '@reflink/reflink-win32-x64-msvc': 0.1.19

  detect-libc@2.1.2: {}

  pnpm@11.1.2: {}

---
lockfileVersion: '9.0'

settings:
  autoInstallPeers: true
  excludeLinksFromLockfile: false

importers:

  .:
    dependencies:
      '@notionhq/client':
        specifier: ^5.21.0
        version: 5.21.0
      cloudinary:
        specifier: ^2.10.0
        version: 2.10.0
      dotenv:
        specifier: ^17.4.2
        version: 17.4.2
      node-fetch:
        specifier: ^3.3.2
        version: 3.3.2

packages:

  '@notionhq/client@5.21.0':
    resolution: {integrity: sha512-X+T+hzaQFleOUGm4xUOUm51pOpdZ1+6T4BsRjGlcdEOTJLNkUEv8nZATq9O3ZY4NQEgICc0qwQ0I25OdYprX0w==}
    engines: {node: '>=18'}

  cloudinary@2.10.0:
    resolution: {integrity: sha512-sY09kYg7wprkndAOjZBAYqFZqwL+SxnEGcAvksOvFA+5upnFn949UjkEkHKNSwkBtW/xRDd0p6NgbSXZcxkI3w==}
    engines: {node: '>=9'}

  data-uri-to-buffer@4.0.1:
    resolution: {integrity: sha512-0R9ikRb668HB7QDxT1vkpuUBtqc53YyAwMwGeUFKRojY/NWKvdZ+9UYtRfGmhqNbRkTSVpMbmyhXipFFv2cb/A==}
    engines: {node: '>= 12'}

  dotenv@17.4.2:
    resolution: {integrity: sha512-nI4U3TottKAcAD9LLud4Cb7b2QztQMUEfHbvhTH09bqXTxnSie8WnjPALV/WMCrJZ6UV/qHJ6L03OqO3LcdYZw==}
    engines: {node: '>=12'}

  fetch-blob@3.2.0:
    resolution: {integrity: sha512-7yAQpD2UMJzLi1Dqv7qFYnPbaPx7ZfFK6PiIxQ4PfkGPyNyl2Ugx+a/umUonmKqjhM4DnfbMvdX6otXq83soQQ==}
    engines: {node: ^12.20 || >= 14.13}

  formdata-polyfill@4.0.10:
    resolution: {integrity: sha512-buewHzMvYL29jdeQTVILecSaZKnt/RJWjoZCF5OW60Z67/GmSLBkOFM7qh1PI3zFNtJbaZL5eQu1vLfazOwj4g==}
    engines: {node: '>=12.20.0'}

  lodash@4.18.1:
    resolution: {integrity: sha512-dMInicTPVE8d1e5otfwmmjlxkZoUpiVLwyeTdUsi/Caj/gfzzblBcCE5sRHV/AsjuCmxWrte2TNGSYuCeCq+0Q==}

  node-domexception@1.0.0:
    resolution: {integrity: sha512-/jKZoMpw0F8GRwl4/eLROPA3cfcXtLApP0QzLmUT/HuPCZWyB7IY9ZrMeKw2O/nFIqPQB3PVM9aYm0F312AXDQ==}
    engines: {node: '>=10.5.0'}
    deprecated: Use your platform's native DOMException instead

  node-fetch@3.3.2:
    resolution: {integrity: sha512-dRB78srN/l6gqWulah9SrxeYnxeddIG30+GOqK/9OlLVyLg3HPnr6SqOWTWOXKRwC2eGYCkZ59NNuSgvSrpgOA==}
    engines: {node: ^12.20.0 || ^14.13.1 || >=16.0.0}

  web-streams-polyfill@3.3.3:
    resolution: {integrity: sha512-d2JWLCivmZYTSIoge9MsgFCZrt571BikcWGYkjC1khllbTeDlGqZ2D8vD8E/lJa8WGWbb7Plm8/XJYV7IJHZZw==}
    engines: {node: '>= 8'}

snapshots:

  '@notionhq/client@5.21.0': {}

  cloudinary@2.10.0:
    dependencies:
      lodash: 4.18.1

  data-uri-to-buffer@4.0.1: {}

  dotenv@17.4.2: {}

  fetch-blob@3.2.0:
    dependencies:
      node-domexception: 1.0.0
      web-streams-polyfill: 3.3.3

  formdata-polyfill@4.0.10:
    dependencies:
      fetch-blob: 3.2.0

  lodash@4.18.1: {}

  node-domexception@1.0.0: {}

  node-fetch@3.3.2:
    dependencies:
      data-uri-to-buffer: 4.0.1
      fetch-blob: 3.2.0
      formdata-polyfill: 4.0.10

  web-streams-polyfill@3.3.3: {}
